{
    "_readme": [
        "This file locks the dependencies of your project to a known state",
        "Read more about it at https://getcomposer.org/doc/01-basic-usage.md#installing-dependencies",
        "This file is @generated automatically"
    ],
    "content-hash": "a2a7f0a1007348bb73dcb25a94f9acb4",
    "packages": [],
    "packages-dev": [
        {
            "name": "openswoole/ide-helper",
            "version": "4.11.6",
            "source": {
                "type": "git",
                "url": "https://github.com/openswoole/ide-helper.git",
                "reference": "6e8831af6dd34e24456cb98272373b030bce94df"
            },
            "dist": {
                "type": "zip",
                "url": "https://api.github.com/repos/openswoole/ide-helper/zipball/6e8831af6dd34e24456cb98272373b030bce94df",
                "reference": "6e8831af6dd34e24456cb98272373b030bce94df",
                "shasum": ""
            },
            "require": {
                "php": ">=7.4"
            },
            "require-dev": {
                "friendsofphp/php-cs-fixer": "^3.3"
            },
            "type": "library",
            "notification-url": "https://packagist.org/downloads/",
            "license": [
                "Apache-2.0"
            ],
            "authors": [
                {
                    "name": "Open Swoole Group",
                    "email": "hello@openswoole.com"
                }
            ],
            "description": "IDE help files for Open Swoole.",
            "support": {
                "issues": "https://github.com/openswoole/ide-helper/issues",
                "source": "https://github.com/openswoole/ide-helper/tree/4.11.6"
            },
            "time": "2022-08-03T13:28:52+00:00"
        }
    ],
    "aliases": [],
    "minimum-stability": "stable",
    "stability-flags": [],
    "prefer-stable": false,
    "prefer-lowest": false,
    "platform": [],
    "platform-dev": [],
    "plugin-api-version": "2.6.0"
}
